
Microsoft Visual Studio Solution File, Format Version 12.00
# Visual Studio 15
VisualStudioVersion = 15.0.28010.0
MinimumVisualStudioVersion = 10.0.40219.1
Project("{FAE04EC0-301F-11D3-BF4B-00C04F79EFBC}") = "PracticaCaracteristicasGrid", "PracticaCaracteristicasGrid\PracticaCaracteristicasGrid.csproj", "{A9A8FE71-4DF2-44A5-901E-2AB5B9C67B48}"
EndProject
Global
	GlobalSection(SolutionConfigurationPlatforms) = preSolution
		Debug|Any CPU = Debug|Any CPU
		Release|Any CPU = Release|Any CPU
	EndGlobalSection
	GlobalSection(ProjectConfigurationPlatforms) = postSolution
		{A9A8FE71-4DF2-44A5-901E-2AB5B9C67B48}.Debug|Any CPU.ActiveCfg = Debug|Any CPU
		{A9A8FE71-4DF2-44A5-901E-2AB5B9C67B48}.Debug|Any CPU.Build.0 = Debug|Any CPU
		{A9A8FE71-4DF2-44A5-901E-2AB5B9C67B48}.Release|Any CPU.ActiveCfg = Release|Any CPU
		{A9A8FE71-4DF2-44A5-901E-2AB5B9C67B48}.Release|Any CPU.Build.0 = Release|Any CPU
	EndGlobalSection
	GlobalSection(SolutionProperties) = preSolution
		HideSolutionNode = FALSE
	EndGlobalSection
	GlobalSection(ExtensibilityGlobals) = postSolution
		SolutionGuid = {E96FEB43-1F3C-4DBA-86CE-B0C2C88097C7}
	EndGlobalSection
EndGlobal
